
Microsoft Visual Studio Solution File, Format Version 12.00
# Visual Studio 15
VisualStudioVersion = 15.0.27703.2035
MinimumVisualStudioVersion = 10.0.40219.1
Project("{FAE04EC0-301F-11D3-BF4B-00C04F79EFBC}") = "EmailClient", "EmailClient\EmailClient.csproj", "{F094CB1F-054C-4F6A-9B2B-AC2DA8542794}"
EndProject
Global
	GlobalSection(SolutionConfigurationPlatforms) = preSolution
		Debug|Any CPU = Debug|Any CPU
		Release|Any CPU = Release|Any CPU
	EndGlobalSection
	GlobalSection(ProjectConfigurationPlatforms) = postSolution
		{F094CB1F-054C-4F6A-9B2B-AC2DA8542794}.Debug|Any CPU.ActiveCfg = Debug|Any CPU
		{F094CB1F-054C-4F6A-9B2B-AC2DA8542794}.Debug|Any CPU.Build.0 = Debug|Any CPU
		{F094CB1F-054C-4F6A-9B2B-AC2DA8542794}.Release|Any CPU.ActiveCfg = Release|Any CPU
		{F094CB1F-054C-4F6A-9B2B-AC2DA8542794}.Release|Any CPU.Build.0 = Release|Any CPU
	EndGlobalSection
	GlobalSection(SolutionProperties) = preSolution
		HideSolutionNode = FALSE
	EndGlobalSection
	GlobalSection(ExtensibilityGlobals) = postSolution
		SolutionGuid = {2369F618-605F-49BE-B166-C431F416E48D}
	EndGlobalSection
EndGlobal
